Microsoft Visual Studio Solution File, Format Version 12.00
# Visual Studio Version 17
VisualStudioVersion = 17.5.2.0
MinimumVisualStudioVersion = 10.0.40219.1
Project("{2150E333-8FDC-42A3-9474-1A3956D46DE8}") = "Asu", "Asu", "{BA36D8E3-BBA9-F893-FBA0-3D19FA06DD6F}"
EndProject
Project("{2150E333-8FDC-42A3-9474-1A3956D46DE8}") = "Source", "Source", "{5F21DDCF-6839-AAC9-241B-B2C5CF571957}"
EndProject
Project("{FAE04EC0-301F-11D3-BF4B-00C04F79EFBC}") = "Modedlus.Systems.Networking", "Asu\Source\Modedlus.Systems.Networking\Modedlus.Systems.Networking.csproj", "{D6DF9A18-61D9-F546-3C90-279EB28F4F88}"
EndProject
Project("{FAE04EC0-301F-11D3-BF4B-00C04F79EFBC}") = "Modedlus.Math3D", "Asu\Source\Modedlus.Math3D\Modedlus.Math3D.csproj", "{EFF5B09B-6068-A052-1527-007B48A4E37B}"
EndProject
Project("{FAE04EC0-301F-11D3-BF4B-00C04F79EFBC}") = "Modedlus.Math", "Asu\Source\Modedlus.Math\Modedlus.Math.csproj", "{38C26317-DB9C-8EE3-F532-E5B7F454D107}"
EndProject
Project("{FAE04EC0-301F-11D3-BF4B-00C04F79EFBC}") = "Asu.Piano", "Asu\Source\Asu.Piano\Asu.Piano.csproj", "{16B2C0F8-4F23-2C08-9394-A3E32FE14E7C}"
EndProject
Project("{FAE04EC0-301F-11D3-BF4B-00C04F79EFBC}") = "Asu.Menu", "Asu\Source\Asu.Menu\Asu.Menu.csproj", "{133EF155-1ED7-5AAA-767F-9F43442D9E03}"
EndProject
Project("{FAE04EC0-301F-11D3-BF4B-00C04F79EFBC}") = "Modedlus.Multiplayer", "Asu\Source\Modedlus.Multiplayer\Modedlus.Multiplayer.csproj", "{4B89C335-E330-4C97-7C0A-E4EA320CBE2C}"
EndProject
Project("{FAE04EC0-301F-11D3-BF4B-00C04F79EFBC}") = "Silk.Net.Interface", "Asu\Source\Silk.Net.Interface\Silk.Net.Interface.csproj", "{43EF4860-3FE0-F194-0A6B-01598586483C}"
EndProject
Project("{FAE04EC0-301F-11D3-BF4B-00C04F79EFBC}") = "Modedlus.Rendering", "Asu\Source\Modedlus.Rendering\Modedlus.Rendering.csproj", "{F3CC6904-FD04-77D9-4A3F-F8A6152ECC3D}"
EndProject
Project("{FAE04EC0-301F-11D3-BF4B-00C04F79EFBC}") = "Modedlus.System.Networking", "Asu\Source\Modedlus.System.Networking\Modedlus.System.Networking.csproj", "{B509554B-99C6-B13A-58D7-A8ACBA9812CF}"
EndProject
Project("{FAE04EC0-301F-11D3-BF4B-00C04F79EFBC}") = "Modedlus.Systems.CliSystems", "Asu\Source\Modedlus.Systems.CliSystems\Modedlus.Systems.CliSystems.csproj", "{6E604AC9-5874-3255-BF79-81AD28A01554}"
EndProject
Project("{FAE04EC0-301F-11D3-BF4B-00C04F79EFBC}") = "Asu.Boot", "Asu\Source\Asu.Boot\Asu.Boot.csproj", "{E09889A0-2AB6-131A-4C55-1A389886706F}"
EndProject
Project("{FAE04EC0-301F-11D3-BF4B-00C04F79EFBC}") = "Modedlus.Systems.EventSystems", "Asu\Source\Modedlus.Systems.EventSystems\Modedlus.Systems.EventSystems.csproj", "{E32A6468-C23D-1B85-1767-71DB2280DB53}"
EndProject
Project("{FAE04EC0-301F-11D3-BF4B-00C04F79EFBC}") = "Asu.Piano.GamePlay", "Asu\Source\Asu.Piano.GamePlay\Asu.Piano.GamePlay.csproj", "{D603AB83-FB40-473E-BD7C-3714B6C7CF04}"
EndProject
Project("{FAE04EC0-301F-11D3-BF4B-00C04F79EFBC}") = "Modedlus.Systems.RenderApi", "Asu\Source\Modedlus.Systems.RenderApi\Modedlus.Systems.RenderApi.csproj", "{29ADC064-B942-291C-7329-F6B450FCC76D}"
EndProject
Project("{FAE04EC0-301F-11D3-BF4B-00C04F79EFBC}") = "Modedlus", "Asu\Source\Modedlus\Modedlus.csproj", "{92588291-8A7B-D84A-AB6C-772A6266372C}"
EndProject
Project("{FAE04EC0-301F-11D3-BF4B-00C04F79EFBC}") = "Modedlus.Aplication.BootHandler", "Asu\Source\Modedlus.Aplication.BootHandler\Modedlus.Aplication.BootHandler.csproj", "{1CD2D28C-0425-910A-E0EA-9F6E79BF6AE9}"
EndProject
Project("{FAE04EC0-301F-11D3-BF4B-00C04F79EFBC}") = "Asu.Piano.Skins", "Asu\Source\Asu.Piano.Skins\Asu.Piano.Skins.csproj", "{094136B3-3C47-038A-AA10-1C8458B9D683}"
EndProject
Project("{FAE04EC0-301F-11D3-BF4B-00C04F79EFBC}") = "Modedlus.System.BootSystems", "Asu\Source\Modedlus.System.BootSystems\Modedlus.System.BootSystems.csproj", "{3F511774-B6EF-43D9-896C-DAE031122A85}"
EndProject
Project("{FAE04EC0-301F-11D3-BF4B-00C04F79EFBC}") = "Modedlus.Render2D", "Asu\Source\Modedlus.Render2D\Modedlus.Render2D.csproj", "{1A08EDDB-4C76-A38E-1B8B-E586F99B8D1C}"
EndProject
Project("{FAE04EC0-301F-11D3-BF4B-00C04F79EFBC}") = "Modedlus.Systems.HIDApi", "Asu\Source\Modedlus.Systems.HIDApi\Modedlus.Systems.HIDApi.csproj", "{F39A0E77-C8EB-82ED-771A-172AC8047ED1}"
EndProject
Project("{FAE04EC0-301F-11D3-BF4B-00C04F79EFBC}") = "Modedlus.Input", "Asu\Source\Modedlus.Input\Modedlus.Input.csproj", "{F665657A-B566-BB4C-134B-3B395AF457ED}"
EndProject
Project("{FAE04EC0-301F-11D3-BF4B-00C04F79EFBC}") = "Asu.Piano.Menu", "Asu\Source\Asu.Piano.Menu\Asu.Piano.Menu.csproj", "{6DC2F3FC-85FF-15B1-8813-B1D1E7E129BF}"
EndProject
Project("{FAE04EC0-301F-11D3-BF4B-00C04F79EFBC}") = "PluginExampel", "Asu\Source\PluginExampel\PluginExampel.csproj", "{9B54A3EC-4F84-E69D-00A2-0EB805A0E87A}"
EndProject
Project("{FAE04EC0-301F-11D3-BF4B-00C04F79EFBC}") = "Modedlus.Systems.LoopSystems", "Asu\Source\Modedlus.Systems.LoopSystems\Modedlus.Systems.LoopSystems.csproj", "{32136185-1D55-0EF0-BEA7-9852B9EAEF2B}"
EndProject
Project("{FAE04EC0-301F-11D3-BF4B-00C04F79EFBC}") = "Asu.Piano.Input", "Asu\Source\Asu.Piano.Input\Asu.Piano.Input.csproj", "{B3FE4380-1EA9-9059-B50F-2836130C0A44}"
EndProject
Project("{2150E333-8FDC-42A3-9474-1A3956D46DE8}") = "Silk.Net.Refrence", "Silk.Net.Refrence", "{4ADD394A-28EB-449D-7D9F-8D4FB50F67FD}"
EndProject
Project("{FAE04EC0-301F-11D3-BF4B-00C04F79EFBC}") = "Modedlus.Rendering", "Asu\Source\Silk.Net.Refrence\Modedlus.Rendering.csproj", "{C26534D3-0324-E69A-31F4-6747F6E91A2F}"
EndProject
Project("{FAE04EC0-301F-11D3-BF4B-00C04F79EFBC}") = "Asu", "Asu\Source\Asu\Asu.csproj", "{4068F099-B259-5459-241D-D1C7D624DE39}"
EndProject
Project("{FAE04EC0-301F-11D3-BF4B-00C04F79EFBC}") = "Modedlus.Render3D", "Asu\Source\Modedlus.Render3D\Modedlus.Render3D.csproj", "{E74BEE1C-64BF-A74D-F767-66917D5B1458}"
EndProject
Global
	GlobalSection(SolutionConfigurationPlatforms) = preSolution
		Debug|Any CPU = Debug|Any CPU
		Release|Any CPU = Release|Any CPU
	EndGlobalSection
	GlobalSection(ProjectConfigurationPlatforms) = postSolution
		{D6DF9A18-61D9-F546-3C90-279EB28F4F88}.Debug|Any CPU.ActiveCfg = Debug|Any CPU
		{D6DF9A18-61D9-F546-3C90-279EB28F4F88}.Debug|Any CPU.Build.0 = Debug|Any CPU
		{D6DF9A18-61D9-F546-3C90-279EB28F4F88}.Release|Any CPU.ActiveCfg = Release|Any CPU
		{D6DF9A18-61D9-F546-3C90-279EB28F4F88}.Release|Any CPU.Build.0 = Release|Any CPU
		{EFF5B09B-6068-A052-1527-007B48A4E37B}.Debug|Any CPU.ActiveCfg = Debug|Any CPU
		{EFF5B09B-6068-A052-1527-007B48A4E37B}.Debug|Any CPU.Build.0 = Debug|Any CPU
		{EFF5B09B-6068-A052-1527-007B48A4E37B}.Release|Any CPU.ActiveCfg = Release|Any CPU
		{EFF5B09B-6068-A052-1527-007B48A4E37B}.Release|Any CPU.Build.0 = Release|Any CPU
		{38C26317-DB9C-8EE3-F532-E5B7F454D107}.Debug|Any CPU.ActiveCfg = Debug|Any CPU
		{38C26317-DB9C-8EE3-F532-E5B7F454D107}.Debug|Any CPU.Build.0 = Debug|Any CPU
		{38C26317-DB9C-8EE3-F532-E5B7F454D107}.Release|Any CPU.ActiveCfg = Release|Any CPU
		{38C26317-DB9C-8EE3-F532-E5B7F454D107}.Release|Any CPU.Build.0 = Release|Any CPU
		{16B2C0F8-4F23-2C08-9394-A3E32FE14E7C}.Debug|Any CPU.ActiveCfg = Debug|Any CPU
		{16B2C0F8-4F23-2C08-9394-A3E32FE14E7C}.Debug|Any CPU.Build.0 = Debug|Any CPU
		{16B2C0F8-4F23-2C08-9394-A3E32FE14E7C}.Release|Any CPU.ActiveCfg = Release|Any CPU
		{16B2C0F8-4F23-2C08-9394-A3E32FE14E7C}.Release|Any CPU.Build.0 = Release|Any CPU
		{133EF155-1ED7-5AAA-767F-9F43442D9E03}.Debug|Any CPU.ActiveCfg = Debug|Any CPU
		{133EF155-1ED7-5AAA-767F-9F43442D9E03}.Debug|Any CPU.Build.0 = Debug|Any CPU
		{133EF155-1ED7-5AAA-767F-9F43442D9E03}.Release|Any CPU.ActiveCfg = Release|Any CPU
		{133EF155-1ED7-5AAA-767F-9F43442D9E03}.Release|Any CPU.Build.0 = Release|Any CPU
		{4B89C335-E330-4C97-7C0A-E4EA320CBE2C}.Debug|Any CPU.ActiveCfg = Debug|Any CPU
		{4B89C335-E330-4C97-7C0A-E4EA320CBE2C}.Debug|Any CPU.Build.0 = Debug|Any CPU
		{4B89C335-E330-4C97-7C0A-E4EA320CBE2C}.Release|Any CPU.ActiveCfg = Release|Any CPU
		{4B89C335-E330-4C97-7C0A-E4EA320CBE2C}.Release|Any CPU.Build.0 = Release|Any CPU
		{43EF4860-3FE0-F194-0A6B-01598586483C}.Debug|Any CPU.ActiveCfg = Debug|Any CPU
		{43EF4860-3FE0-F194-0A6B-01598586483C}.Debug|Any CPU.Build.0 = Debug|Any CPU
		{43EF4860-3FE0-F194-0A6B-01598586483C}.Release|Any CPU.ActiveCfg = Release|Any CPU
		{43EF4860-3FE0-F194-0A6B-01598586483C}.Release|Any CPU.Build.0 = Release|Any CPU
		{F3CC6904-FD04-77D9-4A3F-F8A6152ECC3D}.Debug|Any CPU.ActiveCfg = Debug|Any CPU
		{F3CC6904-FD04-77D9-4A3F-F8A6152ECC3D}.Debug|Any CPU.Build.0 = Debug|Any CPU
		{F3CC6904-FD04-77D9-4A3F-F8A6152ECC3D}.Release|Any CPU.ActiveCfg = Release|Any CPU
		{F3CC6904-FD04-77D9-4A3F-F8A6152ECC3D}.Release|Any CPU.Build.0 = Release|Any CPU
		{B509554B-99C6-B13A-58D7-A8ACBA9812CF}.Debug|Any CPU.ActiveCfg = Debug|Any CPU
		{B509554B-99C6-B13A-58D7-A8ACBA9812CF}.Debug|Any CPU.Build.0 = Debug|Any CPU
		{B509554B-99C6-B13A-58D7-A8ACBA9812CF}.Release|Any CPU.ActiveCfg = Release|Any CPU
		{B509554B-99C6-B13A-58D7-A8ACBA9812CF}.Release|Any CPU.Build.0 = Release|Any CPU
		{6E604AC9-5874-3255-BF79-81AD28A01554}.Debug|Any CPU.ActiveCfg = Debug|Any CPU
		{6E604AC9-5874-3255-BF79-81AD28A01554}.Debug|Any CPU.Build.0 = Debug|Any CPU
		{6E604AC9-5874-3255-BF79-81AD28A01554}.Release|Any CPU.ActiveCfg = Release|Any CPU
		{6E604AC9-5874-3255-BF79-81AD28A01554}.Release|Any CPU.Build.0 = Release|Any CPU
		{E09889A0-2AB6-131A-4C55-1A389886706F}.Debug|Any CPU.ActiveCfg = Debug|Any CPU
		{E09889A0-2AB6-131A-4C55-1A389886706F}.Debug|Any CPU.Build.0 = Debug|Any CPU
		{E09889A0-2AB6-131A-4C55-1A389886706F}.Release|Any CPU.ActiveCfg = Release|Any CPU
		{E09889A0-2AB6-131A-4C55-1A389886706F}.Release|Any CPU.Build.0 = Release|Any CPU
		{E32A6468-C23D-1B85-1767-71DB2280DB53}.Debug|Any CPU.ActiveCfg = Debug|Any CPU
		{E32A6468-C23D-1B85-1767-71DB2280DB53}.Debug|Any CPU.Build.0 = Debug|Any CPU
		{E32A6468-C23D-1B85-1767-71DB2280DB53}.Release|Any CPU.ActiveCfg = Release|Any CPU
		{E32A6468-C23D-1B85-1767-71DB2280DB53}.Release|Any CPU.Build.0 = Release|Any CPU
		{D603AB83-FB40-473E-BD7C-3714B6C7CF04}.Debug|Any CPU.ActiveCfg = Debug|Any CPU
		{D603AB83-FB40-473E-BD7C-3714B6C7CF04}.Debug|Any CPU.Build.0 = Debug|Any CPU
		{D603AB83-FB40-473E-BD7C-3714B6C7CF04}.Release|Any CPU.ActiveCfg = Release|Any CPU
		{D603AB83-FB40-473E-BD7C-3714B6C7CF04}.Release|Any CPU.Build.0 = Release|Any CPU
		{29ADC064-B942-291C-7329-F6B450FCC76D}.Debug|Any CPU.ActiveCfg = Debug|Any CPU
		{29ADC064-B942-291C-7329-F6B450FCC76D}.Debug|Any CPU.Build.0 = Debug|Any CPU
		{29ADC064-B942-291C-7329-F6B450FCC76D}.Release|Any CPU.ActiveCfg = Release|Any CPU
		{29ADC064-B942-291C-7329-F6B450FCC76D}.Release|Any CPU.Build.0 = Release|Any CPU
		{92588291-8A7B-D84A-AB6C-772A6266372C}.Debug|Any CPU.ActiveCfg = Debug|Any CPU
		{92588291-8A7B-D84A-AB6C-772A6266372C}.Debug|Any CPU.Build.0 = Debug|Any CPU
		{92588291-8A7B-D84A-AB6C-772A6266372C}.Release|Any CPU.ActiveCfg = Release|Any CPU
		{92588291-8A7B-D84A-AB6C-772A6266372C}.Release|Any CPU.Build.0 = Release|Any CPU
		{1CD2D28C-0425-910A-E0EA-9F6E79BF6AE9}.Debug|Any CPU.ActiveCfg = Debug|Any CPU
		{1CD2D28C-0425-910A-E0EA-9F6E79BF6AE9}.Debug|Any CPU.Build.0 = Debug|Any CPU
		{1CD2D28C-0425-910A-E0EA-9F6E79BF6AE9}.Release|Any CPU.ActiveCfg = Release|Any CPU
		{1CD2D28C-0425-910A-E0EA-9F6E79BF6AE9}.Release|Any CPU.Build.0 = Release|Any CPU
		{094136B3-3C47-038A-AA10-1C8458B9D683}.Debug|Any CPU.ActiveCfg = Debug|Any CPU
		{094136B3-3C47-038A-AA10-1C8458B9D683}.Debug|Any CPU.Build.0 = Debug|Any CPU
		{094136B3-3C47-038A-AA10-1C8458B9D683}.Release|Any CPU.ActiveCfg = Release|Any CPU
		{094136B3-3C47-038A-AA10-1C8458B9D683}.Release|Any CPU.Build.0 = Release|Any CPU
		{3F511774-B6EF-43D9-896C-DAE031122A85}.Debug|Any CPU.ActiveCfg = Debug|Any CPU
		{3F511774-B6EF-43D9-896C-DAE031122A85}.Debug|Any CPU.Build.0 = Debug|Any CPU
		{3F511774-B6EF-43D9-896C-DAE031122A85}.Release|Any CPU.ActiveCfg = Release|Any CPU
		{3F511774-B6EF-43D9-896C-DAE031122A85}.Release|Any CPU.Build.0 = Release|Any CPU
		{1A08EDDB-4C76-A38E-1B8B-E586F99B8D1C}.Debug|Any CPU.ActiveCfg = Debug|Any CPU
		{1A08EDDB-4C76-A38E-1B8B-E586F99B8D1C}.Debug|Any CPU.Build.0 = Debug|Any CPU
		{1A08EDDB-4C76-A38E-1B8B-E586F99B8D1C}.Release|Any CPU.ActiveCfg = Release|Any CPU
		{1A08EDDB-4C76-A38E-1B8B-E586F99B8D1C}.Release|Any CPU.Build.0 = Release|Any CPU
		{F39A0E77-C8EB-82ED-771A-172AC8047ED1}.Debug|Any CPU.ActiveCfg = Debug|Any CPU
		{F39A0E77-C8EB-82ED-771A-172AC8047ED1}.Debug|Any CPU.Build.0 = Debug|Any CPU
		{F39A0E77-C8EB-82ED-771A-172AC8047ED1}.Release|Any CPU.ActiveCfg = Release|Any CPU
		{F39A0E77-C8EB-82ED-771A-172AC8047ED1}.Release|Any CPU.Build.0 = Release|Any CPU
		{F665657A-B566-BB4C-134B-3B395AF457ED}.Debug|Any CPU.ActiveCfg = Debug|Any CPU
		{F665657A-B566-BB4C-134B-3B395AF457ED}.Debug|Any CPU.Build.0 = Debug|Any CPU
		{F665657A-B566-BB4C-134B-3B395AF457ED}.Release|Any CPU.ActiveCfg = Release|Any CPU
		{F665657A-B566-BB4C-134B-3B395AF457ED}.Release|Any CPU.Build.0 = Release|Any CPU
		{6DC2F3FC-85FF-15B1-8813-B1D1E7E129BF}.Debug|Any CPU.ActiveCfg = Debug|Any CPU
		{6DC2F3FC-85FF-15B1-8813-B1D1E7E129BF}.Debug|Any CPU.Build.0 = Debug|Any CPU
		{6DC2F3FC-85FF-15B1-8813-B1D1E7E129BF}.Release|Any CPU.ActiveCfg = Release|Any CPU
		{6DC2F3FC-85FF-15B1-8813-B1D1E7E129BF}.Release|Any CPU.Build.0 = Release|Any CPU
		{9B54A3EC-4F84-E69D-00A2-0EB805A0E87A}.Debug|Any CPU.ActiveCfg = Debug|Any CPU
		{9B54A3EC-4F84-E69D-00A2-0EB805A0E87A}.Debug|Any CPU.Build.0 = Debug|Any CPU
		{9B54A3EC-4F84-E69D-00A2-0EB805A0E87A}.Release|Any CPU.ActiveCfg = Release|Any CPU
		{9B54A3EC-4F84-E69D-00A2-0EB805A0E87A}.Release|Any CPU.Build.0 = Release|Any CPU
		{32136185-1D55-0EF0-BEA7-9852B9EAEF2B}.Debug|Any CPU.ActiveCfg = Debug|Any CPU
		{32136185-1D55-0EF0-BEA7-9852B9EAEF2B}.Debug|Any CPU.Build.0 = Debug|Any CPU
		{32136185-1D55-0EF0-BEA7-9852B9EAEF2B}.Release|Any CPU.ActiveCfg = Release|Any CPU
		{32136185-1D55-0EF0-BEA7-9852B9EAEF2B}.Release|Any CPU.Build.0 = Release|Any CPU
		{B3FE4380-1EA9-9059-B50F-2836130C0A44}.Debug|Any CPU.ActiveCfg = Debug|Any CPU
		{B3FE4380-1EA9-9059-B50F-2836130C0A44}.Debug|Any CPU.Build.0 = Debug|Any CPU
		{B3FE4380-1EA9-9059-B50F-2836130C0A44}.Release|Any CPU.ActiveCfg = Release|Any CPU
		{B3FE4380-1EA9-9059-B50F-2836130C0A44}.Release|Any CPU.Build.0 = Release|Any CPU
		{C26534D3-0324-E69A-31F4-6747F6E91A2F}.Debug|Any CPU.ActiveCfg = Debug|Any CPU
		{C26534D3-0324-E69A-31F4-6747F6E91A2F}.Debug|Any CPU.Build.0 = Debug|Any CPU
		{C26534D3-0324-E69A-31F4-6747F6E91A2F}.Release|Any CPU.ActiveCfg = Release|Any CPU
		{C26534D3-0324-E69A-31F4-6747F6E91A2F}.Release|Any CPU.Build.0 = Release|Any CPU
		{4068F099-B259-5459-241D-D1C7D624DE39}.Debug|Any CPU.ActiveCfg = Debug|Any CPU
		{4068F099-B259-5459-241D-D1C7D624DE39}.Debug|Any CPU.Build.0 = Debug|Any CPU
		{4068F099-B259-5459-241D-D1C7D624DE39}.Release|Any CPU.ActiveCfg = Release|Any CPU
		{4068F099-B259-5459-241D-D1C7D624DE39}.Release|Any CPU.Build.0 = Release|Any CPU
		{E74BEE1C-64BF-A74D-F767-66917D5B1458}.Debug|Any CPU.ActiveCfg = Debug|Any CPU
		{E74BEE1C-64BF-A74D-F767-66917D5B1458}.Debug|Any CPU.Build.0 = Debug|Any CPU
		{E74BEE1C-64BF-A74D-F767-66917D5B1458}.Release|Any CPU.ActiveCfg = Release|Any CPU
		{E74BEE1C-64BF-A74D-F767-66917D5B1458}.Release|Any CPU.Build.0 = Release|Any CPU
	EndGlobalSection
	GlobalSection(SolutionProperties) = preSolution
		HideSolutionNode = FALSE
	EndGlobalSection
	GlobalSection(NestedProjects) = preSolution
		{5F21DDCF-6839-AAC9-241B-B2C5CF571957} = {BA36D8E3-BBA9-F893-FBA0-3D19FA06DD6F}
		{D6DF9A18-61D9-F546-3C90-279EB28F4F88} = {5F21DDCF-6839-AAC9-241B-B2C5CF571957}
		{EFF5B09B-6068-A052-1527-007B48A4E37B} = {5F21DDCF-6839-AAC9-241B-B2C5CF571957}
		{38C26317-DB9C-8EE3-F532-E5B7F454D107} = {5F21DDCF-6839-AAC9-241B-B2C5CF571957}
		{16B2C0F8-4F23-2C08-9394-A3E32FE14E7C} = {5F21DDCF-6839-AAC9-241B-B2C5CF571957}
		{133EF155-1ED7-5AAA-767F-9F43442D9E03} = {5F21DDCF-6839-AAC9-241B-B2C5CF571957}
		{4B89C335-E330-4C97-7C0A-E4EA320CBE2C} = {5F21DDCF-6839-AAC9-241B-B2C5CF571957}
		{43EF4860-3FE0-F194-0A6B-01598586483C} = {5F21DDCF-6839-AAC9-241B-B2C5CF571957}
		{F3CC6904-FD04-77D9-4A3F-F8A6152ECC3D} = {5F21DDCF-6839-AAC9-241B-B2C5CF571957}
		{B509554B-99C6-B13A-58D7-A8ACBA9812CF} = {5F21DDCF-6839-AAC9-241B-B2C5CF571957}
		{6E604AC9-5874-3255-BF79-81AD28A01554} = {5F21DDCF-6839-AAC9-241B-B2C5CF571957}
		{E09889A0-2AB6-131A-4C55-1A389886706F} = {5F21DDCF-6839-AAC9-241B-B2C5CF571957}
		{E32A6468-C23D-1B85-1767-71DB2280DB53} = {5F21DDCF-6839-AAC9-241B-B2C5CF571957}
		{D603AB83-FB40-473E-BD7C-3714B6C7CF04} = {5F21DDCF-6839-AAC9-241B-B2C5CF571957}
		{29ADC064-B942-291C-7329-F6B450FCC76D} = {5F21DDCF-6839-AAC9-241B-B2C5CF571957}
		{92588291-8A7B-D84A-AB6C-772A6266372C} = {5F21DDCF-6839-AAC9-241B-B2C5CF571957}
		{1CD2D28C-0425-910A-E0EA-9F6E79BF6AE9} = {5F21DDCF-6839-AAC9-241B-B2C5CF571957}
		{094136B3-3C47-038A-AA10-1C8458B9D683} = {5F21DDCF-6839-AAC9-241B-B2C5CF571957}
		{3F511774-B6EF-43D9-896C-DAE031122A85} = {5F21DDCF-6839-AAC9-241B-B2C5CF571957}
		{1A08EDDB-4C76-A38E-1B8B-E586F99B8D1C} = {5F21DDCF-6839-AAC9-241B-B2C5CF571957}
		{F39A0E77-C8EB-82ED-771A-172AC8047ED1} = {5F21DDCF-6839-AAC9-241B-B2C5CF571957}
		{F665657A-B566-BB4C-134B-3B395AF457ED} = {5F21DDCF-6839-AAC9-241B-B2C5CF571957}
		{6DC2F3FC-85FF-15B1-8813-B1D1E7E129BF} = {5F21DDCF-6839-AAC9-241B-B2C5CF571957}
		{9B54A3EC-4F84-E69D-00A2-0EB805A0E87A} = {5F21DDCF-6839-AAC9-241B-B2C5CF571957}
		{32136185-1D55-0EF0-BEA7-9852B9EAEF2B} = {5F21DDCF-6839-AAC9-241B-B2C5CF571957}
		{B3FE4380-1EA9-9059-B50F-2836130C0A44} = {5F21DDCF-6839-AAC9-241B-B2C5CF571957}
		{4ADD394A-28EB-449D-7D9F-8D4FB50F67FD} = {5F21DDCF-6839-AAC9-241B-B2C5CF571957}
		{C26534D3-0324-E69A-31F4-6747F6E91A2F} = {4ADD394A-28EB-449D-7D9F-8D4FB50F67FD}
		{4068F099-B259-5459-241D-D1C7D624DE39} = {5F21DDCF-6839-AAC9-241B-B2C5CF571957}
		{E74BEE1C-64BF-A74D-F767-66917D5B1458} = {5F21DDCF-6839-AAC9-241B-B2C5CF571957}
	EndGlobalSection
	GlobalSection(ExtensibilityGlobals) = postSolution
		SolutionGuid = {502B9DEC-49B4-4ACA-9549-C331A05FFC06}
	EndGlobalSection
EndGlobal
